PODS:
  - DTCoreText (1.6.21):
    - DTCoreText/Core (= 1.6.21)
    - DTFoundation/Core (~> 1.7.5)
    - DTFoundation/DTAnimatedGIF (~> 1.7.5)
    - DTFoundation/DTHTMLParser (~> 1.7.5)
    - DTFoundation/UIKit (~> 1.7.5)
  - DTCoreText/Core (1.6.21):
    - DTFoundation/Core (~> 1.7.5)
    - DTFoundation/DTAnimatedGIF (~> 1.7.5)
    - DTFoundation/DTHTMLParser (~> 1.7.5)
    - DTFoundation/UIKit (~> 1.7.5)
  - DTFoundation/Core (1.7.12)
  - DTFoundation/DTAnimatedGIF (1.7.12)
  - DTFoundation/DTHTMLParser (1.7.12):
    - DTFoundation/Core
  - DTFoundation/UIKit (1.7.12):
    - DTFoundation/Core
  - TKControlsLib (0.5.3):
    - DTCoreText

DEPENDENCIES:
  - TKControlsLib (from `../`)

SPEC REPOS:
  trunk:
    - DTCoreText
    - DTFoundation

EXTERNAL SOURCES:
  TKControlsLib:
    :path: "../"

SPEC CHECKSUMS:
  DTCoreText: e5d688cffc9f6a61eddd1a4f94e2046851230de3
  DTFoundation: 26a164ef510877387906fb92bff524a792db4bf8
  TKControlsLib: f30a8e3ec6d2ce2b501165ca9cf3d13800ed0dcb

PODFILE CHECKSUM: 343962f6dd8db6d01c1be07b66c46b96a740cae9

COCOAPODS: 1.8.3
